
Microsoft Visual Studio Solution File, Format Version 12.00
# Visual Studio Version 17
VisualStudioVersion = 17.3.32901.215
MinimumVisualStudioVersion = 10.0.40219.1
Project("{FAE04EC0-301F-11D3-BF4B-00C04F79EFBC}") = "BuberDinner.Api", "BuberDinner.Api\BuberDinner.Api.csproj", "{A6344D00-BCB8-414D-958C-1475DFE4DA98}"
EndProject
Project("{FAE04EC0-301F-11D3-BF4B-00C04F79EFBC}") = "BuberDinner.Contracts", "BuberDinner.Contracts\BuberDinner.Contracts.csproj", "{E2B33675-157B-4B37-B263-B9DC46A33456}"
EndProject
Project("{FAE04EC0-301F-11D3-BF4B-00C04F79EFBC}") = "BuberDinner.Infrastructure", "BuberDinner.Infrastructure\BuberDinner.Infrastructure.csproj", "{3612AA09-601D-46B6-B966-5F015C9D697F}"
EndProject
Project("{FAE04EC0-301F-11D3-BF4B-00C04F79EFBC}") = "BuberDinner.Application", "BuberDinner.Application\BuberDinner.Application.csproj", "{F9A0E801-D3C7-406B-BA39-23AFC63A6E02}"
EndProject
Project("{FAE04EC0-301F-11D3-BF4B-00C04F79EFBC}") = "BuberDinner.Domain", "BuberDinner.Domain\BuberDinner.Domain.csproj", "{203A44D0-ECA3-4EB7-BFB9-F9431D89780E}"
EndProject
Global
	GlobalSection(SolutionConfigurationPlatforms) = preSolution
		Debug|Any CPU = Debug|Any CPU
		Release|Any CPU = Release|Any CPU
	EndGlobalSection
	GlobalSection(ProjectConfigurationPlatforms) = postSolution
		{A6344D00-BCB8-414D-958C-1475DFE4DA98}.Debug|Any CPU.ActiveCfg = Debug|Any CPU
		{A6344D00-BCB8-414D-958C-1475DFE4DA98}.Debug|Any CPU.Build.0 = Debug|Any CPU
		{A6344D00-BCB8-414D-958C-1475DFE4DA98}.Release|Any CPU.ActiveCfg = Release|Any CPU
		{A6344D00-BCB8-414D-958C-1475DFE4DA98}.Release|Any CPU.Build.0 = Release|Any CPU
		{E2B33675-157B-4B37-B263-B9DC46A33456}.Debug|Any CPU.ActiveCfg = Debug|Any CPU
		{E2B33675-157B-4B37-B263-B9DC46A33456}.Debug|Any CPU.Build.0 = Debug|Any CPU
		{E2B33675-157B-4B37-B263-B9DC46A33456}.Release|Any CPU.ActiveCfg = Release|Any CPU
		{E2B33675-157B-4B37-B263-B9DC46A33456}.Release|Any CPU.Build.0 = Release|Any CPU
		{3612AA09-601D-46B6-B966-5F015C9D697F}.Debug|Any CPU.ActiveCfg = Debug|Any CPU
		{3612AA09-601D-46B6-B966-5F015C9D697F}.Debug|Any CPU.Build.0 = Debug|Any CPU
		{3612AA09-601D-46B6-B966-5F015C9D697F}.Release|Any CPU.ActiveCfg = Release|Any CPU
		{3612AA09-601D-46B6-B966-5F015C9D697F}.Release|Any CPU.Build.0 = Release|Any CPU
		{F9A0E801-D3C7-406B-BA39-23AFC63A6E02}.Debug|Any CPU.ActiveCfg = Debug|Any CPU
		{F9A0E801-D3C7-406B-BA39-23AFC63A6E02}.Debug|Any CPU.Build.0 = Debug|Any CPU
		{F9A0E801-D3C7-406B-BA39-23AFC63A6E02}.Release|Any CPU.ActiveCfg = Release|Any CPU
		{F9A0E801-D3C7-406B-BA39-23AFC63A6E02}.Release|Any CPU.Build.0 = Release|Any CPU
		{203A44D0-ECA3-4EB7-BFB9-F9431D89780E}.Debug|Any CPU.ActiveCfg = Debug|Any CPU
		{203A44D0-ECA3-4EB7-BFB9-F9431D89780E}.Debug|Any CPU.Build.0 = Debug|Any CPU
		{203A44D0-ECA3-4EB7-BFB9-F9431D89780E}.Release|Any CPU.ActiveCfg = Release|Any CPU
		{203A44D0-ECA3-4EB7-BFB9-F9431D89780E}.Release|Any CPU.Build.0 = Release|Any CPU
	EndGlobalSection
	GlobalSection(SolutionProperties) = preSolution
		HideSolutionNode = FALSE
	EndGlobalSection
	GlobalSection(ExtensibilityGlobals) = postSolution
		SolutionGuid = {3346FF91-1BF6-45C6-859F-3A3D8A26667D}
	EndGlobalSection
EndGlobal
